
Microsoft Visual Studio Solution File, Format Version 12.00
# Visual Studio Version 16
VisualStudioVersion = 16.0.32228.343
MinimumVisualStudioVersion = 10.0.40219.1
Project("{9A19103F-16F7-4668-BE54-9A1E7A4F7556}") = "CSharpLessons", "CSharpLessons\CSharpLessons.csproj", "{A1165B9E-B66C-4EE2-98BC-A1FEF9355B8F}"
EndProject
Project("{9A19103F-16F7-4668-BE54-9A1E7A4F7556}") = "ClassIntro", "ClassIntro\ClassIntro.csproj", "{E2D21C93-AD1D-49FA-B5F1-55B18F210480}"
EndProject
Project("{9A19103F-16F7-4668-BE54-9A1E7A4F7556}") = "Loops", "Loops\Loops.csproj", "{A18A1A51-FD2E-4678-8800-A1019B62BA95}"
EndProject
Project("{9A19103F-16F7-4668-BE54-9A1E7A4F7556}") = "HomeWork0", "HomeWork0\HomeWork0.csproj", "{6F3B5D61-818C-4479-AEDD-21A570018461}"
EndProject
Project("{9A19103F-16F7-4668-BE54-9A1E7A4F7556}") = "Methods", "Methods\Methods.csproj", "{F77871F5-E6BD-4FB1-A200-84773A8661AD}"
EndProject
Project("{9A19103F-16F7-4668-BE54-9A1E7A4F7556}") = "Maths", "Maths\Maths.csproj", "{9B21682D-5BB0-4B38-8FAC-725AD58CF70D}"
EndProject
Project("{9A19103F-16F7-4668-BE54-9A1E7A4F7556}") = "VaueAndReferanceTypes", "VaueAndReferanceTypes\VaueAndReferanceTypes.csproj", "{B75069E8-A6AA-4E62-BED9-E9EBADE907C9}"
EndProject
Project("{9A19103F-16F7-4668-BE54-9A1E7A4F7556}") = "ClassMethodDemo", "ClassMethodDemo\ClassMethodDemo.csproj", "{57F78B43-E856-4887-B321-A07F1D1064C1}"
EndProject
Project("{9A19103F-16F7-4668-BE54-9A1E7A4F7556}") = "OOP1", "OOP1\OOP1.csproj", "{7B689A00-B3A9-49E0-9C4C-49A55E68BAE0}"
EndProject
Project("{9A19103F-16F7-4668-BE54-9A1E7A4F7556}") = "Collections", "Collections\Collections.csproj", "{4DB8F22E-B6EB-48CE-947D-B32467D5EFE4}"
EndProject
Project("{9A19103F-16F7-4668-BE54-9A1E7A4F7556}") = "GenericsIntro", "GenericsIntro\GenericsIntro.csproj", "{31480C60-7B3E-4052-B2F4-408445975649}"
EndProject
Project("{9A19103F-16F7-4668-BE54-9A1E7A4F7556}") = "HomeWork1", "HomeWork1\HomeWork1.csproj", "{C26D100D-A05F-4F77-8BE2-AA51B682717F}"
EndProject
Project("{9A19103F-16F7-4668-BE54-9A1E7A4F7556}") = "OOP2", "OOP2\OOP2.csproj", "{BC7EF0D8-527B-41FC-93D2-EDC04B75AA8C}"
EndProject
Project("{9A19103F-16F7-4668-BE54-9A1E7A4F7556}") = "OOP3", "OOP3\OOP3.csproj", "{768BEBD6-D870-4E80-98B3-7E3ECB44829C}"
EndProject
Project("{FAE04EC0-301F-11D3-BF4B-00C04F79EFBC}") = "RecapDemo1", "RecaDemo1\RecapDemo1.csproj", "{7F536CD1-C043-424A-8A81-6EC865766A92}"
EndProject
Project("{FAE04EC0-301F-11D3-BF4B-00C04F79EFBC}") = "GameProject", "GameProject\GameProject.csproj", "{A4E0D5E8-ABCA-4536-9507-2DF7A59171C3}"
EndProject
Global
	GlobalSection(SolutionConfigurationPlatforms) = preSolution
		Debug|Any CPU = Debug|Any CPU
		Release|Any CPU = Release|Any CPU
	EndGlobalSection
	GlobalSection(ProjectConfigurationPlatforms) = postSolution
		{A1165B9E-B66C-4EE2-98BC-A1FEF9355B8F}.Debug|Any CPU.ActiveCfg = Debug|Any CPU
		{A1165B9E-B66C-4EE2-98BC-A1FEF9355B8F}.Debug|Any CPU.Build.0 = Debug|Any CPU
		{A1165B9E-B66C-4EE2-98BC-A1FEF9355B8F}.Release|Any CPU.ActiveCfg = Release|Any CPU
		{A1165B9E-B66C-4EE2-98BC-A1FEF9355B8F}.Release|Any CPU.Build.0 = Release|Any CPU
		{E2D21C93-AD1D-49FA-B5F1-55B18F210480}.Debug|Any CPU.ActiveCfg = Debug|Any CPU
		{E2D21C93-AD1D-49FA-B5F1-55B18F210480}.Debug|Any CPU.Build.0 = Debug|Any CPU
		{E2D21C93-AD1D-49FA-B5F1-55B18F210480}.Release|Any CPU.ActiveCfg = Release|Any CPU
		{E2D21C93-AD1D-49FA-B5F1-55B18F210480}.Release|Any CPU.Build.0 = Release|Any CPU
		{A18A1A51-FD2E-4678-8800-A1019B62BA95}.Debug|Any CPU.ActiveCfg = Debug|Any CPU
		{A18A1A51-FD2E-4678-8800-A1019B62BA95}.Debug|Any CPU.Build.0 = Debug|Any CPU
		{A18A1A51-FD2E-4678-8800-A1019B62BA95}.Release|Any CPU.ActiveCfg = Release|Any CPU
		{A18A1A51-FD2E-4678-8800-A1019B62BA95}.Release|Any CPU.Build.0 = Release|Any CPU
		{6F3B5D61-818C-4479-AEDD-21A570018461}.Debug|Any CPU.ActiveCfg = Debug|Any CPU
		{6F3B5D61-818C-4479-AEDD-21A570018461}.Debug|Any CPU.Build.0 = Debug|Any CPU
		{6F3B5D61-818C-4479-AEDD-21A570018461}.Release|Any CPU.ActiveCfg = Release|Any CPU
		{6F3B5D61-818C-4479-AEDD-21A570018461}.Release|Any CPU.Build.0 = Release|Any CPU
		{F77871F5-E6BD-4FB1-A200-84773A8661AD}.Debug|Any CPU.ActiveCfg = Debug|Any CPU
		{F77871F5-E6BD-4FB1-A200-84773A8661AD}.Debug|Any CPU.Build.0 = Debug|Any CPU
		{F77871F5-E6BD-4FB1-A200-84773A8661AD}.Release|Any CPU.ActiveCfg = Release|Any CPU
		{F77871F5-E6BD-4FB1-A200-84773A8661AD}.Release|Any CPU.Build.0 = Release|Any CPU
		{9B21682D-5BB0-4B38-8FAC-725AD58CF70D}.Debug|Any CPU.ActiveCfg = Debug|Any CPU
		{9B21682D-5BB0-4B38-8FAC-725AD58CF70D}.Debug|Any CPU.Build.0 = Debug|Any CPU
		{9B21682D-5BB0-4B38-8FAC-725AD58CF70D}.Release|Any CPU.ActiveCfg = Release|Any CPU
		{9B21682D-5BB0-4B38-8FAC-725AD58CF70D}.Release|Any CPU.Build.0 = Release|Any CPU
		{B75069E8-A6AA-4E62-BED9-E9EBADE907C9}.Debug|Any CPU.ActiveCfg = Debug|Any CPU
		{B75069E8-A6AA-4E62-BED9-E9EBADE907C9}.Debug|Any CPU.Build.0 = Debug|Any CPU
		{B75069E8-A6AA-4E62-BED9-E9EBADE907C9}.Release|Any CPU.ActiveCfg = Release|Any CPU
		{B75069E8-A6AA-4E62-BED9-E9EBADE907C9}.Release|Any CPU.Build.0 = Release|Any CPU
		{57F78B43-E856-4887-B321-A07F1D1064C1}.Debug|Any CPU.ActiveCfg = Debug|Any CPU
		{57F78B43-E856-4887-B321-A07F1D1064C1}.Debug|Any CPU.Build.0 = Debug|Any CPU
		{57F78B43-E856-4887-B321-A07F1D1064C1}.Release|Any CPU.ActiveCfg = Release|Any CPU
		{57F78B43-E856-4887-B321-A07F1D1064C1}.Release|Any CPU.Build.0 = Release|Any CPU
		{7B689A00-B3A9-49E0-9C4C-49A55E68BAE0}.Debug|Any CPU.ActiveCfg = Debug|Any CPU
		{7B689A00-B3A9-49E0-9C4C-49A55E68BAE0}.Debug|Any CPU.Build.0 = Debug|Any CPU
		{7B689A00-B3A9-49E0-9C4C-49A55E68BAE0}.Release|Any CPU.ActiveCfg = Release|Any CPU
		{7B689A00-B3A9-49E0-9C4C-49A55E68BAE0}.Release|Any CPU.Build.0 = Release|Any CPU
		{4DB8F22E-B6EB-48CE-947D-B32467D5EFE4}.Debug|Any CPU.ActiveCfg = Debug|Any CPU
		{4DB8F22E-B6EB-48CE-947D-B32467D5EFE4}.Debug|Any CPU.Build.0 = Debug|Any CPU
		{4DB8F22E-B6EB-48CE-947D-B32467D5EFE4}.Release|Any CPU.ActiveCfg = Release|Any CPU
		{4DB8F22E-B6EB-48CE-947D-B32467D5EFE4}.Release|Any CPU.Build.0 = Release|Any CPU
		{31480C60-7B3E-4052-B2F4-408445975649}.Debug|Any CPU.ActiveCfg = Debug|Any CPU
		{31480C60-7B3E-4052-B2F4-408445975649}.Debug|Any CPU.Build.0 = Debug|Any CPU
		{31480C60-7B3E-4052-B2F4-408445975649}.Release|Any CPU.ActiveCfg = Release|Any CPU
		{31480C60-7B3E-4052-B2F4-408445975649}.Release|Any CPU.Build.0 = Release|Any CPU
		{C26D100D-A05F-4F77-8BE2-AA51B682717F}.Debug|Any CPU.ActiveCfg = Debug|Any CPU
		{C26D100D-A05F-4F77-8BE2-AA51B682717F}.Debug|Any CPU.Build.0 = Debug|Any CPU
		{C26D100D-A05F-4F77-8BE2-AA51B682717F}.Release|Any CPU.ActiveCfg = Release|Any CPU
		{C26D100D-A05F-4F77-8BE2-AA51B682717F}.Release|Any CPU.Build.0 = Release|Any CPU
		{BC7EF0D8-527B-41FC-93D2-EDC04B75AA8C}.Debug|Any CPU.ActiveCfg = Debug|Any CPU
		{BC7EF0D8-527B-41FC-93D2-EDC04B75AA8C}.Debug|Any CPU.Build.0 = Debug|Any CPU
		{BC7EF0D8-527B-41FC-93D2-EDC04B75AA8C}.Release|Any CPU.ActiveCfg = Release|Any CPU
		{BC7EF0D8-527B-41FC-93D2-EDC04B75AA8C}.Release|Any CPU.Build.0 = Release|Any CPU
		{768BEBD6-D870-4E80-98B3-7E3ECB44829C}.Debug|Any CPU.ActiveCfg = Debug|Any CPU
		{768BEBD6-D870-4E80-98B3-7E3ECB44829C}.Debug|Any CPU.Build.0 = Debug|Any CPU
		{768BEBD6-D870-4E80-98B3-7E3ECB44829C}.Release|Any CPU.ActiveCfg = Release|Any CPU
		{768BEBD6-D870-4E80-98B3-7E3ECB44829C}.Release|Any CPU.Build.0 = Release|Any CPU
		{7F536CD1-C043-424A-8A81-6EC865766A92}.Debug|Any CPU.ActiveCfg = Debug|Any CPU
		{7F536CD1-C043-424A-8A81-6EC865766A92}.Debug|Any CPU.Build.0 = Debug|Any CPU
		{7F536CD1-C043-424A-8A81-6EC865766A92}.Release|Any CPU.ActiveCfg = Release|Any CPU
		{7F536CD1-C043-424A-8A81-6EC865766A92}.Release|Any CPU.Build.0 = Release|Any CPU
		{A4E0D5E8-ABCA-4536-9507-2DF7A59171C3}.Debug|Any CPU.ActiveCfg = Debug|Any CPU
		{A4E0D5E8-ABCA-4536-9507-2DF7A59171C3}.Debug|Any CPU.Build.0 = Debug|Any CPU
		{A4E0D5E8-ABCA-4536-9507-2DF7A59171C3}.Release|Any CPU.ActiveCfg = Release|Any CPU
		{A4E0D5E8-ABCA-4536-9507-2DF7A59171C3}.Release|Any CPU.Build.0 = Release|Any CPU
	EndGlobalSection
	GlobalSection(SolutionProperties) = preSolution
		HideSolutionNode = FALSE
	EndGlobalSection
	GlobalSection(ExtensibilityGlobals) = postSolution
		SolutionGuid = {31154897-D3E7-4EE5-80AA-CEA8354EF872}
	EndGlobalSection
EndGlobal
